
Microsoft Visual Studio Solution File, Format Version 12.00
# Visual Studio 15
VisualStudioVersion = 15.0.26124.0
MinimumVisualStudioVersion = 15.0.26124.0
Project("{2150E333-8FDC-42A3-9474-1A3956D46DE8}") = "src", "src", "{5EC7D4B6-C784-48FC-9E7B-61F8AB6F5F0D}"
EndProject
Project("{FAE04EC0-301F-11D3-BF4B-00C04F79EFBC}") = "Test", "src\Test\Test.csproj", "{45E90E64-6EB5-4F7D-9D8D-465F4EEC1931}"
EndProject
Project("{FAE04EC0-301F-11D3-BF4B-00C04F79EFBC}") = "InterfaceGenerator", "src\InterfaceGenerator\InterfaceGenerator.csproj", "{52A5581C-FBCD-47F8-9560-E6F700B40C06}"
EndProject
Global
	GlobalSection(SolutionConfigurationPlatforms) = preSolution
		Debug|Any CPU = Debug|Any CPU
		Debug|x64 = Debug|x64
		Debug|x86 = Debug|x86
		Release|Any CPU = Release|Any CPU
		Release|x64 = Release|x64
		Release|x86 = Release|x86
	EndGlobalSection
	GlobalSection(SolutionProperties) = preSolution
		HideSolutionNode = FALSE
	EndGlobalSection
	GlobalSection(ProjectConfigurationPlatforms) = postSolution
		{45E90E64-6EB5-4F7D-9D8D-465F4EEC1931}.Debug|Any CPU.ActiveCfg = Debug|Any CPU
		{45E90E64-6EB5-4F7D-9D8D-465F4EEC1931}.Debug|Any CPU.Build.0 = Debug|Any CPU
		{45E90E64-6EB5-4F7D-9D8D-465F4EEC1931}.Debug|x64.ActiveCfg = Debug|Any CPU
		{45E90E64-6EB5-4F7D-9D8D-465F4EEC1931}.Debug|x64.Build.0 = Debug|Any CPU
		{45E90E64-6EB5-4F7D-9D8D-465F4EEC1931}.Debug|x86.ActiveCfg = Debug|Any CPU
		{45E90E64-6EB5-4F7D-9D8D-465F4EEC1931}.Debug|x86.Build.0 = Debug|Any CPU
		{45E90E64-6EB5-4F7D-9D8D-465F4EEC1931}.Release|Any CPU.ActiveCfg = Release|Any CPU
		{45E90E64-6EB5-4F7D-9D8D-465F4EEC1931}.Release|Any CPU.Build.0 = Release|Any CPU
		{45E90E64-6EB5-4F7D-9D8D-465F4EEC1931}.Release|x64.ActiveCfg = Release|Any CPU
		{45E90E64-6EB5-4F7D-9D8D-465F4EEC1931}.Release|x64.Build.0 = Release|Any CPU
		{45E90E64-6EB5-4F7D-9D8D-465F4EEC1931}.Release|x86.ActiveCfg = Release|Any CPU
		{45E90E64-6EB5-4F7D-9D8D-465F4EEC1931}.Release|x86.Build.0 = Release|Any CPU
		{52A5581C-FBCD-47F8-9560-E6F700B40C06}.Debug|Any CPU.ActiveCfg = Debug|Any CPU
		{52A5581C-FBCD-47F8-9560-E6F700B40C06}.Debug|Any CPU.Build.0 = Debug|Any CPU
		{52A5581C-FBCD-47F8-9560-E6F700B40C06}.Debug|x64.ActiveCfg = Debug|Any CPU
		{52A5581C-FBCD-47F8-9560-E6F700B40C06}.Debug|x64.Build.0 = Debug|Any CPU
		{52A5581C-FBCD-47F8-9560-E6F700B40C06}.Debug|x86.ActiveCfg = Debug|Any CPU
		{52A5581C-FBCD-47F8-9560-E6F700B40C06}.Debug|x86.Build.0 = Debug|Any CPU
		{52A5581C-FBCD-47F8-9560-E6F700B40C06}.Release|Any CPU.ActiveCfg = Release|Any CPU
		{52A5581C-FBCD-47F8-9560-E6F700B40C06}.Release|Any CPU.Build.0 = Release|Any CPU
		{52A5581C-FBCD-47F8-9560-E6F700B40C06}.Release|x64.ActiveCfg = Release|Any CPU
		{52A5581C-FBCD-47F8-9560-E6F700B40C06}.Release|x64.Build.0 = Release|Any CPU
		{52A5581C-FBCD-47F8-9560-E6F700B40C06}.Release|x86.ActiveCfg = Release|Any CPU
		{52A5581C-FBCD-47F8-9560-E6F700B40C06}.Release|x86.Build.0 = Release|Any CPU
	EndGlobalSection
	GlobalSection(NestedProjects) = preSolution
		{45E90E64-6EB5-4F7D-9D8D-465F4EEC1931} = {5EC7D4B6-C784-48FC-9E7B-61F8AB6F5F0D}
		{52A5581C-FBCD-47F8-9560-E6F700B40C06} = {5EC7D4B6-C784-48FC-9E7B-61F8AB6F5F0D}
	EndGlobalSection
EndGlobal
